{
    "name": "hotpocket-example-contract",
    "lockfileVersion": 2,
    "requires": true,
    "packages": {
        "": {
            "name": "hotpocket-example-contract",
            "dependencies": {
                "@vercel/ncc": "^0.38.3",
                "hotpocket-nodejs-contract": "file:.."
            },
            "devDependencies": {
                "typescript": "^5.3.3"
            }
        },
        "..": {
            "version": "0.7.4",
            "license": "SEE LICENSE IN https://raw.githubusercontent.com/EvernodeXRPL/evernode-resources/main/license/evernode-license.pdf",
            "devDependencies": {
                "@types/node": "^20.11.5",
                "@vercel/ncc": "^0.38.1",
                "typescript": "^5.3.3"
            }
        },
        "node_modules/@vercel/ncc": {
            "version": "0.38.3",
            "resolved": "https://registry.npmjs.org/@vercel/ncc/-/ncc-0.38.3.tgz",
            "integrity": "sha512-rnK6hJBS6mwc+Bkab+PGPs9OiS0i/3kdTO+CkI8V0/VrW3vmz7O2Pxjw/owOlmo6PKEIxRSeZKv/kuL9itnpYA==",
            "bin": {
                "ncc": "dist/ncc/cli.js"
            }
        },
        "node_modules/hotpocket-nodejs-contract": {
            "resolved": "..",
            "link": true
        },
        "node_modules/typescript": {
            "version": "5.7.3",
            "resolved": "https://registry.npmjs.org/typescript/-/typescript-5.7.3.tgz",
            "integrity": "sha512-84MVSjMEHP+FQRPy3pX9sTVV/INIex71s9TL2Gm5FG/WG1SqXeKyZ0k7/blY/4FdOzI12CBy1vGc4og/eus0fw==",
            "dev": true,
            "bin": {
                "tsc": "bin/tsc",
                "tsserver": "bin/tsserver"
            },
            "engines": {
                "node": ">=14.17"
            }
        }
    },
    "dependencies": {
        "@vercel/ncc": {
            "version": "0.38.3",
            "resolved": "https://registry.npmjs.org/@vercel/ncc/-/ncc-0.38.3.tgz",
            "integrity": "sha512-rnK6hJBS6mwc+Bkab+PGPs9OiS0i/3kdTO+CkI8V0/VrW3vmz7O2Pxjw/owOlmo6PKEIxRSeZKv/kuL9itnpYA=="
        },
        "hotpocket-nodejs-contract": {
            "version": "file:..",
            "requires": {
                "@types/node": "^20.11.5",
                "@vercel/ncc": "^0.38.1",
                "typescript": "^5.3.3"
            }
        },
        "typescript": {
            "version": "5.7.3",
            "resolved": "https://registry.npmjs.org/typescript/-/typescript-5.7.3.tgz",
            "integrity": "sha512-84MVSjMEHP+FQRPy3pX9sTVV/INIex71s9TL2Gm5FG/WG1SqXeKyZ0k7/blY/4FdOzI12CBy1vGc4og/eus0fw==",
            "dev": true
        }
    }
}
